Microsoft Visual Studio Solution File, Format Version 12.00
# Visual Studio 2012
Project("{FAE04EC0-301F-11D3-BF4B-00C04F79EFBC}") = "MarvinGodot", "MarvinGodot.csproj", "{CACB3500-7086-4882-9B39-EBE14DE1319A}"
EndProject
Global
	GlobalSection(SolutionConfigurationPlatforms) = preSolution
	Debug|Any CPU = Debug|Any CPU
	ExportDebug|Any CPU = ExportDebug|Any CPU
	ExportRelease|Any CPU = ExportRelease|Any CPU
	EndGlobalSection
	GlobalSection(ProjectConfigurationPlatforms) = postSolution
		{CACB3500-7086-4882-9B39-EBE14DE1319A}.Debug|Any CPU.ActiveCfg = Debug|Any CPU
		{CACB3500-7086-4882-9B39-EBE14DE1319A}.Debug|Any CPU.Build.0 = Debug|Any CPU
		{CACB3500-7086-4882-9B39-EBE14DE1319A}.ExportDebug|Any CPU.ActiveCfg = ExportDebug|Any CPU
		{CACB3500-7086-4882-9B39-EBE14DE1319A}.ExportDebug|Any CPU.Build.0 = ExportDebug|Any CPU
		{CACB3500-7086-4882-9B39-EBE14DE1319A}.ExportRelease|Any CPU.ActiveCfg = ExportRelease|Any CPU
		{CACB3500-7086-4882-9B39-EBE14DE1319A}.ExportRelease|Any CPU.Build.0 = ExportRelease|Any CPU
	EndGlobalSection
EndGlobal
